# This file is autogenerated, do not edit; changes may be undone by the next 'dep ensure'.


[[projects]]
  branch = "master"
  name = "github.com/alecthomas/template"
  packages = [".","parse"]
  revision = "fb15b899a75114aa79cc930e33c46b577cc664b1"

[[projects]]
  name = "github.com/blevesearch/bleve"
  packages = [".","analysis","analysis/analyzers/standard_analyzer","analysis/datetime_parsers/datetime_optional","analysis/datetime_parsers/flexible_go","analysis/language/en","analysis/token_filters/lower_case_filter","analysis/token_filters/porter","analysis/token_filters/stop_tokens_filter","analysis/tokenizers/unicode","document","index","index/store","index/store/boltdb","index/store/gtreap","index/upside_down","numeric_util","registry","search","search/collectors","search/facets","search/highlight","search/highlight/fragment_formatters/html","search/highlight/fragmenters/simple","search/highlight/highlighters/html","search/highlight/highlighters/simple","search/scorers","search/searchers"]
  revision = "97393d027342f43b17da2f02c090a4e728ac929f"
  version = "v0.5.0"

[[projects]]
  name = "github.com/blevesearch/go-porterstemmer"
  packages = ["."]
  revision = "8a3f08ec93b36d000cf58bbb6d9f6da0edc45a5e"
  version = "v1.0.3"

[[projects]]
  name = "github.com/blevesearch/segment"
  packages = ["."]
  revision = "39f07ea41f180b52c3529983e7b7e6b0edda6ed0"
  version = "v0.9.0"

[[projects]]
  name = "github.com/boltdb/bolt"
  packages = ["."]
  revision = "2f1ce7a837dcb8da3ec595b1dac9d0632f0f99e8"
  version = "v1.3.1"

[[projects]]
  name = "github.com/frictionlessdata/datapackage-go"
  packages = ["clone","datapackage","validator","validator/profile_cache"]
  revision = "ebe18689bda7901d1ebf4871f246ecfabd3d574d"
  version = "1.0"

[[projects]]
  name = "github.com/frictionlessdata/tableschema-go"
  packages = ["csv","schema","table"]
  revision = "f9bf38926664ea64d9749ee7024987a1e967004d"
  version = "v1.4"

[[projects]]
  name = "github.com/go-resty/resty"
  packages = ["."]
  revision = "fa5875c0caa5c260ab78acec5a244215a730247f"
  version = "v1.12.0"

[[projects]]
  name = "github.com/golang/protobuf"
  packages = ["proto"]
  revision = "1b794fe86dd6a0c7c52ae69b5c9cb0aeedc52afa"
  version = "v1.4.0"

[[projects]]
  name = "github.com/gorilla/mux"
  packages = ["."]
  revision = "75dcda0896e109a2a22c9315bca3bb21b87b2ba5"
  version = "v1.7.4"

[[projects]]
  branch = "master"
  name = "github.com/grokify/html-strip-tags-go"
  packages = ["."]
  revision = "ea0c1cf2f119c457934db5bbf04954734632343d"

[[projects]]
  branch = "master"
  name = "github.com/knakk/digest"
  packages = ["."]
  revision = "fd45becddc49e7c583e46de4af3b9b3b37e629e3"

[[projects]]
  branch = "master"
  name = "github.com/knakk/rdf"
  packages = ["."]
  revision = "8521bf4c5042825653ef324b371a4491818b986d"

[[projects]]
  branch = "master"
  name = "github.com/knakk/sparql"
  packages = ["."]
  revision = "fd0bd0e76475b2ff4bedc81d3ea27641941189bd"

[[projects]]
  name = "github.com/santhosh-tekuri/jsonschema"
  packages = [".","decoders","formats","httploader","loader","mediatypes"]
  revision = "534765aa6277d702a0aaf99c986492dda697d48f"
  version = "v1.2.4"

[[projects]]
  name = "github.com/satori/go.uuid"
  packages = ["."]
  revision = "f58768cc1a7a7e77a3bd49e98cdd21419399b6a3"
  version = "v1.2.0"

[[projects]]
  name = "github.com/steveyen/gtreap"
  packages = ["."]
  revision = "a0f7e0b09762a60753832eae309dad37f88f753b"
  version = "v0.1.0"

[[projects]]
  branch = "master"
  name = "golang.org/x/net"
  packages = ["context","idna","publicsuffix"]
  revision = "d3edc9973b7eb1fb302b0ff2c62357091cea9a30"

[[projects]]
  branch = "master"
  name = "golang.org/x/sys"
  packages = ["unix"]
  revision = "669c56c373c468cbe0f0c12b7939832b26088d33"

[[projects]]
  name = "golang.org/x/text"
  packages = ["collate","collate/build","internal/colltab","internal/gen","internal/language","internal/language/compact","internal/tag","internal/triegen","internal/ucd","language","secure/bidirule","transform","unicode/bidi","unicode/cldr","unicode/norm","unicode/rangetable"]
  revision = "342b2e1fbaa52c93f31447ad2c6abc048c63e475"
  version = "v0.3.2"

[[projects]]
  name = "google.golang.org/protobuf"
  packages = ["encoding/prototext","encoding/protowire","internal/descfmt","internal/descopts","internal/detrand","internal/encoding/defval","internal/encoding/messageset","internal/encoding/tag","internal/encoding/text","internal/errors","internal/fieldnum","internal/fieldsort","internal/filedesc","internal/filetype","internal/flags","internal/genname","internal/impl","internal/mapsort","internal/pragma","internal/set","internal/strs","internal/version","proto","reflect/protoreflect","reflect/protoregistry","runtime/protoiface","runtime/protoimpl"]
  revision = "3b9eee12916ce611400f93d6c2fed2fc2911b0ad"
  version = "v1.21.0"

[solve-meta]
  analyzer-name = "dep"
  analyzer-version = 1
  inputs-digest = "1ce2fb8fba11fb15211f5276aa2644142e402d6878e8600e1a6716599573a88a"
  solver-name = "gps-cdcl"
  solver-version = 1
